{
    "_meta": {
        "hash": {
            "sha256": "3d326fd0aeca45cfcc270ab324e4c6430c4465772d0a958436e338ffd741c798"
        },
        "pipfile-spec": 6,
        "requires": {
            "python_version": "3.7"
        },
        "sources": [
            {
                "name": "pypi",
                "url": "https://pypi.org/simple",
                "verify_ssl": true
            }
        ]
    },
    "default": {
        "pgi": {
            "hashes": [
                "sha256:5b011ff4d81f83eed4380b0c72876be9b5572c4ed97e2b784dce477183c934f5"
            ],
            "index": "pypi",
            "version": "==0.0.11.2"
        },
        "pycairo": {
            "hashes": [
                "sha256:abd42a4c9c2069febb4c38fe74bfc4b4a9d3a89fea3bc2e4ba7baff7a20f783f"
            ],
            "version": "==1.18.0"
        },
        "pygobject": {
            "hashes": [
                "sha256:a4d6f6d8e688d28e07119fc83aabc6e7aad02057f48b2194089959d03654f695"
            ],
            "index": "pypi",
            "version": "==3.32.0"
        }
    },
    "develop": {}
}
