{
    "_meta": {
        "hash": {
            "sha256": "3305c50ee20286ca85428c1e88a1d259ff385731342274e8d1b955ef08a4e981"
        },
        "pipfile-spec": 6,
        "requires": {
            "python_version": "3.7"
        },
        "sources": [
            {
                "name": "pypi",
                "url": "https://pypi.org/simple",
                "verify_ssl": true
            }
        ]
    },
    "default": {
        "pycairo": {
            "hashes": [
                "sha256:abd42a4c9c2069febb4c38fe74bfc4b4a9d3a89fea3bc2e4ba7baff7a20f783f"
            ],
            "version": "==1.18.0"
        },
        "pygobject": {
            "hashes": [
                "sha256:2d4423cbf169d50a3165f2dde21478a00215c7fb3f68d9d236af588c670980bb"
            ],
            "index": "pypi",
            "version": "==3.30.4"
        }
    },
    "develop": {}
}
